// !$*UTF8*$!
{
	archiveVersion = 1;
	classes = {
	};
	objectVersion = 46;
	objects = {

/* Begin PBXBuildFile section */
		B3C184321C57575D005B6324 /* AppDelegate.swift in Sources */ = {isa = PBXBuildFile; fileRef = B3C184311C57575D005B6324 /* AppDelegate.swift */; };
		B3C184341C57575D005B6324 /* ViewController.swift in Sources */ = {isa = PBXBuildFile; fileRef = B3C184331C57575D005B6324 /* ViewController.swift */; };
		B3C184371C57575D005B6324 /* Main.storyboard in Resources */ = {isa = PBXBuildFile; fileRef = B3C184351C57575D005B6324 /* Main.storyboard */; };
		B3C184391C57575D005B6324 /* Assets.xcassets in Resources */ = {isa = PBXBuildFile; fileRef = B3C184381C57575D005B6324 /* Assets.xcassets */; };
		B3C1843C1C57575D005B6324 /* LaunchScreen.storyboard in Resources */ = {isa = PBXBuildFile; fileRef = B3C1843A1C57575D005B6324 /* LaunchScreen.storyboard */; };
		B3C184471C57575D005B6324 /* AsyncDisplayKit_BugsTests.swift in Sources */ = {isa = PBXBuildFile; fileRef = B3C184461C57575D005B6324 /* AsyncDisplayKit_BugsTests.swift */; };
		B3C184521C57575D005B6324 /* AsyncDisplayKit_BugsUITests.swift in Sources */ = {isa = PBXBuildFile; fileRef = B3C184511C57575D005B6324 /* AsyncDisplayKit_BugsUITests.swift */; };
		B3C184611C5757F6005B6324 /* ExtendedMultiplexImageNode.swift in Sources */ = {isa = PBXBuildFile; fileRef = B3C184601C5757F6005B6324 /* ExtendedMultiplexImageNode.swift */; };
		B3C184641C57582A005B6324 /* AsyncDisplayKit.framework in Frameworks */ = {isa = PBXBuildFile; fileRef = B3C184631C57582A005B6324 /* AsyncDisplayKit.framework */; };
/* End PBXBuildFile section */

/* Begin PBXContainerItemProxy section */
		B3C184431C57575D005B6324 /* PBXContainerItemProxy */ = {
			isa = PBXContainerItemProxy;
			containerPortal = B3C184261C57575D005B6324 /* Project object */;
			proxyType = 1;
			remoteGlobalIDString = B3C1842D1C57575D005B6324;
			remoteInfo = "AsyncDisplayKit-Bugs";
		};
		B3C1844E1C57575D005B6324 /* PBXContainerItemProxy */ = {
			isa = PBXContainerItemProxy;
			containerPortal = B3C184261C57575D005B6324 /* Project object */;
			proxyType = 1;
			remoteGlobalIDString = B3C1842D1C57575D005B6324;
			remoteInfo = "AsyncDisplayKit-Bugs";
		};
/* End PBXContainerItemProxy section */

/* Begin PBXFileReference section */
		B3C1842E1C57575D005B6324 /* AsyncDisplayKit-Bugs.app */ = {isa = PBXFileReference; explicitFileType = wrapper.application; includeInIndex = 0; path = "AsyncDisplayKit-Bugs.app"; sourceTree = BUILT_PRODUCTS_DIR; };
		B3C184311C57575D005B6324 /* AppDelegate.swift */ = {isa = PBXFileReference; lastKnownFileType = sourcecode.swift; path = AppDelegate.swift; sourceTree = "<group>"; };
		B3C184331C57575D005B6324 /* ViewController.swift */ = {isa = PBXFileReference; lastKnownFileType = sourcecode.swift; path = ViewController.swift; sourceTree = "<group>"; };
		B3C184361C57575D005B6324 /* Base */ = {isa = PBXFileReference; lastKnownFileType = file.storyboard; name = Base; path = Base.lproj/Main.storyboard; sourceTree = "<group>"; };
		B3C184381C57575D005B6324 /* Assets.xcassets */ = {isa = PBXFileReference; lastKnownFileType = folder.assetcatalog; path = Assets.xcassets; sourceTree = "<group>"; };
		B3C1843B1C57575D005B6324 /* Base */ = {isa = PBXFileReference; lastKnownFileType = file.storyboard; name = Base; path = Base.lproj/LaunchScreen.storyboard; sourceTree = "<group>"; };
		B3C1843D1C57575D005B6324 /* Info.plist */ = {isa = PBXFileReference; lastKnownFileType = text.plist.xml; path = Info.plist; sourceTree = "<group>"; };
		B3C184421C57575D005B6324 /* AsyncDisplayKit-BugsTests.xctest */ = {isa = PBXFileReference; explicitFileType = wrapper.cfbundle; includeInIndex = 0; path = "AsyncDisplayKit-BugsTests.xctest"; sourceTree = BUILT_PRODUCTS_DIR; };
		B3C184461C57575D005B6324 /* AsyncDisplayKit_BugsTests.swift */ = {isa = PBXFileReference; lastKnownFileType = sourcecode.swift; path = AsyncDisplayKit_BugsTests.swift; sourceTree = "<group>"; };
		B3C184481C57575D005B6324 /* Info.plist */ = {isa = PBXFileReference; lastKnownFileType = text.plist.xml; path = Info.plist; sourceTree = "<group>"; };
		B3C1844D1C57575D005B6324 /* AsyncDisplayKit-BugsUITests.xctest */ = {isa = PBXFileReference; explicitFileType = wrapper.cfbundle; includeInIndex = 0; path = "AsyncDisplayKit-BugsUITests.xctest"; sourceTree = BUILT_PRODUCTS_DIR; };
		B3C184511C57575D005B6324 /* AsyncDisplayKit_BugsUITests.swift */ = {isa = PBXFileReference; lastKnownFileType = sourcecode.swift; path = AsyncDisplayKit_BugsUITests.swift; sourceTree = "<group>"; };
		B3C184531C57575D005B6324 /* Info.plist */ = {isa = PBXFileReference; lastKnownFileType = text.plist.xml; path = Info.plist; sourceTree = "<group>"; };
		B3C1845F1C575772005B6324 /* Cartfile */ = {isa = PBXFileReference; lastKnownFileType = text; path = Cartfile; sourceTree = "<group>"; };
		B3C184601C5757F6005B6324 /* ExtendedMultiplexImageNode.swift */ = {isa = PBXFileReference; fileEncoding = 4; lastKnownFileType = sourcecode.swift; path = ExtendedMultiplexImageNode.swift; sourceTree = "<group>"; };
		B3C184631C57582A005B6324 /* AsyncDisplayKit.framework */ = {isa = PBXFileReference; lastKnownFileType = wrapper.framework; name = AsyncDisplayKit.framework; path = Carthage/Build/iOS/AsyncDisplayKit.framework; sourceTree = "<group>"; };
/* End PBXFileReference section */

/* Begin PBXFrameworksBuildPhase section */
		B3C1842B1C57575D005B6324 /* Frameworks */ = {
			isa = PBXFrameworksBuildPhase;
			buildActionMask = 2147483647;
			files = (
				B3C184641C57582A005B6324 /* AsyncDisplayKit.framework in Frameworks */,
			);
			runOnlyForDeploymentPostprocessing = 0;
		};
		B3C1843F1C57575D005B6324 /* Frameworks */ = {
			isa = PBXFrameworksBuildPhase;
			buildActionMask = 2147483647;
			files = (
			);
			runOnlyForDeploymentPostprocessing = 0;
		};
		B3C1844A1C57575D005B6324 /* Frameworks */ = {
			isa = PBXFrameworksBuildPhase;
			buildActionMask = 2147483647;
			files = (
			);
			runOnlyForDeploymentPostprocessing = 0;
		};
/* End PBXFrameworksBuildPhase section */

/* Begin PBXGroup section */
		B3C184251C57575D005B6324 = {
			isa = PBXGroup;
			children = (
				B3C1845F1C575772005B6324 /* Cartfile */,
				B3C184301C57575D005B6324 /* AsyncDisplayKit-Bugs */,
				B3C184451C57575D005B6324 /* AsyncDisplayKit-BugsTests */,
				B3C184501C57575D005B6324 /* AsyncDisplayKit-BugsUITests */,
				B3C1842F1C57575D005B6324 /* Products */,
			);
			sourceTree = "<group>";
		};
		B3C1842F1C57575D005B6324 /* Products */ = {
			isa = PBXGroup;
			children = (
				B3C1842E1C57575D005B6324 /* AsyncDisplayKit-Bugs.app */,
				B3C184421C57575D005B6324 /* AsyncDisplayKit-BugsTests.xctest */,
				B3C1844D1C57575D005B6324 /* AsyncDisplayKit-BugsUITests.xctest */,
			);
			name = Products;
			sourceTree = "<group>";
		};
		B3C184301C57575D005B6324 /* AsyncDisplayKit-Bugs */ = {
			isa = PBXGroup;
			children = (
				B3C184311C57575D005B6324 /* AppDelegate.swift */,
				B3C184331C57575D005B6324 /* ViewController.swift */,
				B3C184351C57575D005B6324 /* Main.storyboard */,
				B3C184381C57575D005B6324 /* Assets.xcassets */,
				B3C1843A1C57575D005B6324 /* LaunchScreen.storyboard */,
				B3C1843D1C57575D005B6324 /* Info.plist */,
				B3C184601C5757F6005B6324 /* ExtendedMultiplexImageNode.swift */,
				B3C184621C575812005B6324 /* Frameworks */,
			);
			path = "AsyncDisplayKit-Bugs";
			sourceTree = "<group>";
		};
		B3C184451C57575D005B6324 /* AsyncDisplayKit-BugsTests */ = {
			isa = PBXGroup;
			children = (
				B3C184461C57575D005B6324 /* AsyncDisplayKit_BugsTests.swift */,
				B3C184481C57575D005B6324 /* Info.plist */,
			);
			path = "AsyncDisplayKit-BugsTests";
			sourceTree = "<group>";
		};
		B3C184501C57575D005B6324 /* AsyncDisplayKit-BugsUITests */ = {
			isa = PBXGroup;
			children = (
				B3C184511C57575D005B6324 /* AsyncDisplayKit_BugsUITests.swift */,
				B3C184531C57575D005B6324 /* Info.plist */,
			);
			path = "AsyncDisplayKit-BugsUITests";
			sourceTree = "<group>";
		};
		B3C184621C575812005B6324 /* Frameworks */ = {
			isa = PBXGroup;
			children = (
				B3C184631C57582A005B6324 /* AsyncDisplayKit.framework */,
			);
			name = Frameworks;
			path = ..;
			sourceTree = "<group>";
		};
/* End PBXGroup section */

/* Begin PBXNativeTarget section */
		B3C1842D1C57575D005B6324 /* AsyncDisplayKit-Bugs */ = {
			isa = PBXNativeTarget;
			buildConfigurationList = B3C184561C57575D005B6324 /* Build configuration list for PBXNativeTarget "AsyncDisplayKit-Bugs" */;
			buildPhases = (
				B3C1842A1C57575D005B6324 /* Sources */,
				B3C1842B1C57575D005B6324 /* Frameworks */,
				B3C1842C1C57575D005B6324 /* Resources */,
				B3C184651C575838005B6324 /* Carthage */,
			);
			buildRules = (
			);
			dependencies = (
			);
			name = "AsyncDisplayKit-Bugs";
			productName = "AsyncDisplayKit-Bugs";
			productReference = B3C1842E1C57575D005B6324 /* AsyncDisplayKit-Bugs.app */;
			productType = "com.apple.product-type.application";
		};
		B3C184411C57575D005B6324 /* AsyncDisplayKit-BugsTests */ = {
			isa = PBXNativeTarget;
			buildConfigurationList = B3C184591C57575D005B6324 /* Build configuration list for PBXNativeTarget "AsyncDisplayKit-BugsTests" */;
			buildPhases = (
				B3C1843E1C57575D005B6324 /* Sources */,
				B3C1843F1C57575D005B6324 /* Frameworks */,
				B3C184401C57575D005B6324 /* Resources */,
			);
			buildRules = (
			);
			dependencies = (
				B3C184441C57575D005B6324 /* PBXTargetDependency */,
			);
			name = "AsyncDisplayKit-BugsTests";
			productName = "AsyncDisplayKit-BugsTests";
			productReference = B3C184421C57575D005B6324 /* AsyncDisplayKit-BugsTests.xctest */;
			productType = "com.apple.product-type.bundle.unit-test";
		};
		B3C1844C1C57575D005B6324 /* AsyncDisplayKit-BugsUITests */ = {
			isa = PBXNativeTarget;
			buildConfigurationList = B3C1845C1C57575D005B6324 /* Build configuration list for PBXNativeTarget "AsyncDisplayKit-BugsUITests" */;
			buildPhases = (
				B3C184491C57575D005B6324 /* Sources */,
				B3C1844A1C57575D005B6324 /* Frameworks */,
				B3C1844B1C57575D005B6324 /* Resources */,
			);
			buildRules = (
			);
			dependencies = (
				B3C1844F1C57575D005B6324 /* PBXTargetDependency */,
			);
			name = "AsyncDisplayKit-BugsUITests";
			productName = "AsyncDisplayKit-BugsUITests";
			productReference = B3C1844D1C57575D005B6324 /* AsyncDisplayKit-BugsUITests.xctest */;
			productType = "com.apple.product-type.bundle.ui-testing";
		};
/* End PBXNativeTarget section */

/* Begin PBXProject section */
		B3C184261C57575D005B6324 /* Project object */ = {
			isa = PBXProject;
			attributes = {
				LastSwiftUpdateCheck = 0720;
				LastUpgradeCheck = 0720;
				ORGANIZATIONNAME = "Zeker Waar";
				TargetAttributes = {
					B3C1842D1C57575D005B6324 = {
						CreatedOnToolsVersion = 7.2;
					};
					B3C184411C57575D005B6324 = {
						CreatedOnToolsVersion = 7.2;
						TestTargetID = B3C1842D1C57575D005B6324;
					};
					B3C1844C1C57575D005B6324 = {
						CreatedOnToolsVersion = 7.2;
						TestTargetID = B3C1842D1C57575D005B6324;
					};
				};
			};
			buildConfigurationList = B3C184291C57575D005B6324 /* Build configuration list for PBXProject "AsyncDisplayKit-Bugs" */;
			compatibilityVersion = "Xcode 3.2";
			developmentRegion = English;
			hasScannedForEncodings = 0;
			knownRegions = (
				en,
				Base,
			);
			mainGroup = B3C184251C57575D005B6324;
			productRefGroup = B3C1842F1C57575D005B6324 /* Products */;
			projectDirPath = "";
			projectRoot = "";
			targets = (
				B3C1842D1C57575D005B6324 /* AsyncDisplayKit-Bugs */,
				B3C184411C57575D005B6324 /* AsyncDisplayKit-BugsTests */,
				B3C1844C1C57575D005B6324 /* AsyncDisplayKit-BugsUITests */,
			);
		};
/* End PBXProject section */

/* Begin PBXResourcesBuildPhase section */
		B3C1842C1C57575D005B6324 /* Resources */ = {
			isa = PBXResourcesBuildPhase;
			buildActionMask = 2147483647;
			files = (
				B3C1843C1C57575D005B6324 /* LaunchScreen.storyboard in Resources */,
				B3C184391C57575D005B6324 /* Assets.xcassets in Resources */,
				B3C184371C57575D005B6324 /* Main.storyboard in Resources */,
			);
			runOnlyForDeploymentPostprocessing = 0;
		};
		B3C184401C57575D005B6324 /* Resources */ = {
			isa = PBXResourcesBuildPhase;
			buildActionMask = 2147483647;
			files = (
			);
			runOnlyForDeploymentPostprocessing = 0;
		};
		B3C1844B1C57575D005B6324 /* Resources */ = {
			isa = PBXResourcesBuildPhase;
			buildActionMask = 2147483647;
			files = (
			);
			runOnlyForDeploymentPostprocessing = 0;
		};
/* End PBXResourcesBuildPhase section */

/* Begin PBXShellScriptBuildPhase section */
		B3C184651C575838005B6324 /* Carthage */ = {
			isa = PBXShellScriptBuildPhase;
			buildActionMask = 2147483647;
			files = (
			);
			inputPaths = (
				"$(SRCROOT)/Carthage/Build/iOS/AsyncDisplayKit.framework",
			);
			name = Carthage;
			outputPaths = (
			);
			runOnlyForDeploymentPostprocessing = 0;
			shellPath = /bin/sh;
			shellScript = "/usr/local/bin/carthage copy-frameworks";
		};
/* End PBXShellScriptBuildPhase section */

/* Begin PBXSourcesBuildPhase section */
		B3C1842A1C57575D005B6324 /* Sources */ = {
			isa = PBXSourcesBuildPhase;
			buildActionMask = 2147483647;
			files = (
				B3C184341C57575D005B6324 /* ViewController.swift in Sources */,
				B3C184321C57575D005B6324 /* AppDelegate.swift in Sources */,
				B3C184611C5757F6005B6324 /* ExtendedMultiplexImageNode.swift in Sources */,
			);
			runOnlyForDeploymentPostprocessing = 0;
		};
		B3C1843E1C57575D005B6324 /* Sources */ = {
			isa = PBXSourcesBuildPhase;
			buildActionMask = 2147483647;
			files = (
				B3C184471C57575D005B6324 /* AsyncDisplayKit_BugsTests.swift in Sources */,
			);
			runOnlyForDeploymentPostprocessing = 0;
		};
		B3C184491C57575D005B6324 /* Sources */ = {
			isa = PBXSourcesBuildPhase;
			buildActionMask = 2147483647;
			files = (
				B3C184521C57575D005B6324 /* AsyncDisplayKit_BugsUITests.swift in Sources */,
			);
			runOnlyForDeploymentPostprocessing = 0;
		};
/* End PBXSourcesBuildPhase section */

/* Begin PBXTargetDependency section */
		B3C184441C57575D005B6324 /* PBXTargetDependency */ = {
			isa = PBXTargetDependency;
			target = B3C1842D1C57575D005B6324 /* AsyncDisplayKit-Bugs */;
			targetProxy = B3C184431C57575D005B6324 /* PBXContainerItemProxy */;
		};
		B3C1844F1C57575D005B6324 /* PBXTargetDependency */ = {
			isa = PBXTargetDependency;
			target = B3C1842D1C57575D005B6324 /* AsyncDisplayKit-Bugs */;
			targetProxy = B3C1844E1C57575D005B6324 /* PBXContainerItemProxy */;
		};
/* End PBXTargetDependency section */

/* Begin PBXVariantGroup section */
		B3C184351C57575D005B6324 /* Main.storyboard */ = {
			isa = PBXVariantGroup;
			children = (
				B3C184361C57575D005B6324 /* Base */,
			);
			name = Main.storyboard;
			sourceTree = "<group>";
		};
		B3C1843A1C57575D005B6324 /* LaunchScreen.storyboard */ = {
			isa = PBXVariantGroup;
			children = (
				B3C1843B1C57575D005B6324 /* Base */,
			);
			name = LaunchScreen.storyboard;
			sourceTree = "<group>";
		};
/* End PBXVariantGroup section */

/* Begin XCBuildConfiguration section */
		B3C184541C57575D005B6324 /* Debug */ = {
			isa = XCBuildConfiguration;
			buildSettings = {
				ALWAYS_SEARCH_USER_PATHS = NO;
				CLANG_CXX_LANGUAGE_STANDARD = "gnu++0x";
				CLANG_CXX_LIBRARY = "libc++";
				CLANG_ENABLE_MODULES = YES;
				CLANG_ENABLE_OBJC_ARC = YES;
				CLANG_WARN_BOOL_CONVERSION = YES;
				CLANG_WARN_CONSTANT_CONVERSION = YES;
				CLANG_WARN_DIRECT_OBJC_ISA_USAGE = YES_ERROR;
				CLANG_WARN_EMPTY_BODY = YES;
				CLANG_WARN_ENUM_CONVERSION = YES;
				CLANG_WARN_INT_CONVERSION = YES;
				CLANG_WARN_OBJC_ROOT_CLASS = YES_ERROR;
				CLANG_WARN_UNREACHABLE_CODE = YES;
				CLANG_WARN__DUPLICATE_METHOD_MATCH = YES;
				"CODE_SIGN_IDENTITY[sdk=iphoneos*]" = "iPhone Developer";
				COPY_PHASE_STRIP = NO;
				DEBUG_INFORMATION_FORMAT = dwarf;
				ENABLE_STRICT_OBJC_MSGSEND = YES;
				ENABLE_TESTABILITY = YES;
				GCC_C_LANGUAGE_STANDARD = gnu99;
				GCC_DYNAMIC_NO_PIC = NO;
				GCC_NO_COMMON_BLOCKS = YES;
				GCC_OPTIMIZATION_LEVEL = 0;
				GCC_PREPROCESSOR_DEFINITIONS = (
					"DEBUG=1",
					"$(inherited)",
				);
				GCC_WARN_64_TO_32_BIT_CONVERSION = YES;
				GCC_WARN_ABOUT_RETURN_TYPE = YES_ERROR;
				GCC_WARN_UNDECLARED_SELECTOR = YES;
				GCC_WARN_UNINITIALIZED_AUTOS = YES_AGGRESSIVE;
				GCC_WARN_UNUSED_FUNCTION = YES;
				GCC_WARN_UNUSED_VARIABLE = YES;
				IPHONEOS_DEPLOYMENT_TARGET = 9.2;
				MTL_ENABLE_DEBUG_INFO = YES;
				ONLY_ACTIVE_ARCH = YES;
				SDKROOT = iphoneos;
				SWIFT_OPTIMIZATION_LEVEL = "-Onone";
				TARGETED_DEVICE_FAMILY = "1,2";
			};
			name = Debug;
		};
		B3C184551C57575D005B6324 /* Release */ = {
			isa = XCBuildConfiguration;
			buildSettings = {
				ALWAYS_SEARCH_USER_PATHS = NO;
				CLANG_CXX_LANGUAGE_STANDARD = "gnu++0x";
				CLANG_CXX_LIBRARY = "libc++";
				CLANG_ENABLE_MODULES = YES;
				CLANG_ENABLE_OBJC_ARC = YES;
				CLANG_WARN_BOOL_CONVERSION = YES;
				CLANG_WARN_CONSTANT_CONVERSION = YES;
				CLANG_WARN_DIRECT_OBJC_ISA_USAGE = YES_ERROR;
				CLANG_WARN_EMPTY_BODY = YES;
				CLANG_WARN_ENUM_CONVERSION = YES;
				CLANG_WARN_INT_CONVERSION = YES;
				CLANG_WARN_OBJC_ROOT_CLASS = YES_ERROR;
				CLANG_WARN_UNREACHABLE_CODE = YES;
				CLANG_WARN__DUPLICATE_METHOD_MATCH = YES;
				"CODE_SIGN_IDENTITY[sdk=iphoneos*]" = "iPhone Developer";
				COPY_PHASE_STRIP = NO;
				DEBUG_INFORMATION_FORMAT = "dwarf-with-dsym";
				ENABLE_NS_ASSERTIONS = NO;
				ENABLE_STRICT_OBJC_MSGSEND = YES;
				GCC_C_LANGUAGE_STANDARD = gnu99;
				GCC_NO_COMMON_BLOCKS = YES;
				GCC_WARN_64_TO_32_BIT_CONVERSION = YES;
				GCC_WARN_ABOUT_RETURN_TYPE = YES_ERROR;
				GCC_WARN_UNDECLARED_SELECTOR = YES;
				GCC_WARN_UNINITIALIZED_AUTOS = YES_AGGRESSIVE;
				GCC_WARN_UNUSED_FUNCTION = YES;
				GCC_WARN_UNUSED_VARIABLE = YES;
				IPHONEOS_DEPLOYMENT_TARGET = 9.2;
				MTL_ENABLE_DEBUG_INFO = NO;
				SDKROOT = iphoneos;
				TARGETED_DEVICE_FAMILY = "1,2";
				VALIDATE_PRODUCT = YES;
			};
			name = Release;
		};
		B3C184571C57575D005B6324 /* Debug */ = {
			isa = XCBuildConfiguration;
			buildSettings = {
				ASSETCATALOG_COMPILER_APPICON_NAME = AppIcon;
				FRAMEWORK_SEARCH_PATHS = (
					"$(inherited)",
					"$(PROJECT_DIR)/Carthage/Build/iOS",
				);
				INFOPLIST_FILE = "AsyncDisplayKit-Bugs/Info.plist";
				LD_RUNPATH_SEARCH_PATHS = "$(inherited) @executable_path/Frameworks";
				PRODUCT_BUNDLE_IDENTIFIER = "nl.zekerwaar.AsyncDisplayKit-Bugs";
				PRODUCT_NAME = "$(TARGET_NAME)";
			};
			name = Debug;
		};
		B3C184581C57575D005B6324 /* Release */ = {
			isa = XCBuildConfiguration;
			buildSettings = {
				ASSETCATALOG_COMPILER_APPICON_NAME = AppIcon;
				FRAMEWORK_SEARCH_PATHS = (
					"$(inherited)",
					"$(PROJECT_DIR)/Carthage/Build/iOS",
				);
				INFOPLIST_FILE = "AsyncDisplayKit-Bugs/Info.plist";
				LD_RUNPATH_SEARCH_PATHS = "$(inherited) @executable_path/Frameworks";
				PRODUCT_BUNDLE_IDENTIFIER = "nl.zekerwaar.AsyncDisplayKit-Bugs";
				PRODUCT_NAME = "$(TARGET_NAME)";
			};
			name = Release;
		};
		B3C1845A1C57575D005B6324 /* Debug */ = {
			isa = XCBuildConfiguration;
			buildSettings = {
				BUNDLE_LOADER = "$(TEST_HOST)";
				INFOPLIST_FILE = "AsyncDisplayKit-BugsTests/Info.plist";
				LD_RUNPATH_SEARCH_PATHS = "$(inherited) @executable_path/Frameworks @loader_path/Frameworks";
				PRODUCT_BUNDLE_IDENTIFIER = "nl.zekerwaar.AsyncDisplayKit-BugsTests";
				PRODUCT_NAME = "$(TARGET_NAME)";
				TEST_HOST = "$(BUILT_PRODUCTS_DIR)/AsyncDisplayKit-Bugs.app/AsyncDisplayKit-Bugs";
			};
			name = Debug;
		};
		B3C1845B1C57575D005B6324 /* Release */ = {
			isa = XCBuildConfiguration;
			buildSettings = {
				BUNDLE_LOADER = "$(TEST_HOST)";
				INFOPLIST_FILE = "AsyncDisplayKit-BugsTests/Info.plist";
				LD_RUNPATH_SEARCH_PATHS = "$(inherited) @executable_path/Frameworks @loader_path/Frameworks";
				PRODUCT_BUNDLE_IDENTIFIER = "nl.zekerwaar.AsyncDisplayKit-BugsTests";
				PRODUCT_NAME = "$(TARGET_NAME)";
				TEST_HOST = "$(BUILT_PRODUCTS_DIR)/AsyncDisplayKit-Bugs.app/AsyncDisplayKit-Bugs";
			};
			name = Release;
		};
		B3C1845D1C57575D005B6324 /* Debug */ = {
			isa = XCBuildConfiguration;
			buildSettings = {
				INFOPLIST_FILE = "AsyncDisplayKit-BugsUITests/Info.plist";
				LD_RUNPATH_SEARCH_PATHS = "$(inherited) @executable_path/Frameworks @loader_path/Frameworks";
				PRODUCT_BUNDLE_IDENTIFIER = "nl.zekerwaar.AsyncDisplayKit-BugsUITests";
				PRODUCT_NAME = "$(TARGET_NAME)";
				TEST_TARGET_NAME = "AsyncDisplayKit-Bugs";
				USES_XCTRUNNER = YES;
			};
			name = Debug;
		};
		B3C1845E1C57575D005B6324 /* Release */ = {
			isa = XCBuildConfiguration;
			buildSettings = {
				INFOPLIST_FILE = "AsyncDisplayKit-BugsUITests/Info.plist";
				LD_RUNPATH_SEARCH_PATHS = "$(inherited) @executable_path/Frameworks @loader_path/Frameworks";
				PRODUCT_BUNDLE_IDENTIFIER = "nl.zekerwaar.AsyncDisplayKit-BugsUITests";
				PRODUCT_NAME = "$(TARGET_NAME)";
				TEST_TARGET_NAME = "AsyncDisplayKit-Bugs";
				USES_XCTRUNNER = YES;
			};
			name = Release;
		};
/* End XCBuildConfiguration section */

/* Begin XCConfigurationList section */
		B3C184291C57575D005B6324 /* Build configuration list for PBXProject "AsyncDisplayKit-Bugs" */ = {
			isa = XCConfigurationList;
			buildConfigurations = (
				B3C184541C57575D005B6324 /* Debug */,
				B3C184551C57575D005B6324 /* Release */,
			);
			defaultConfigurationIsVisible = 0;
			defaultConfigurationName = Release;
		};
		B3C184561C57575D005B6324 /* Build configuration list for PBXNativeTarget "AsyncDisplayKit-Bugs" */ = {
			isa = XCConfigurationList;
			buildConfigurations = (
				B3C184571C57575D005B6324 /* Debug */,
				B3C184581C57575D005B6324 /* Release */,
			);
			defaultConfigurationIsVisible = 0;
		};
		B3C184591C57575D005B6324 /* Build configuration list for PBXNativeTarget "AsyncDisplayKit-BugsTests" */ = {
			isa = XCConfigurationList;
			buildConfigurations = (
				B3C1845A1C57575D005B6324 /* Debug */,
				B3C1845B1C57575D005B6324 /* Release */,
			);
			defaultConfigurationIsVisible = 0;
		};
		B3C1845C1C57575D005B6324 /* Build configuration list for PBXNativeTarget "AsyncDisplayKit-BugsUITests" */ = {
			isa = XCConfigurationList;
			buildConfigurations = (
				B3C1845D1C57575D005B6324 /* Debug */,
				B3C1845E1C57575D005B6324 /* Release */,
			);
			defaultConfigurationIsVisible = 0;
		};
/* End XCConfigurationList section */
	};
	rootObject = B3C184261C57575D005B6324 /* Project object */;
}
